
Microsoft Visual Studio Solution File, Format Version 12.00
# Visual Studio Version 17
VisualStudioVersion = 17.9.34728.123
MinimumVisualStudioVersion = 10.0.40219.1
Project("{FAE04EC0-301F-11D3-BF4B-00C04F79EFBC}") = "EindOpdracht", "EindOpdracht\EindOpdracht.csproj", "{387C6515-65B8-4020-80D7-E48C328656E4}"
EndProject
Global
	GlobalSection(SolutionConfigurationPlatforms) = preSolution
		Debug|Any CPU = Debug|Any CPU
		Release|Any CPU = Release|Any CPU
	EndGlobalSection
	GlobalSection(ProjectConfigurationPlatforms) = postSolution
		{387C6515-65B8-4020-80D7-E48C328656E4}.Debug|Any CPU.ActiveCfg = Debug|Any CPU
		{387C6515-65B8-4020-80D7-E48C328656E4}.Debug|Any CPU.Build.0 = Debug|Any CPU
		{387C6515-65B8-4020-80D7-E48C328656E4}.Release|Any CPU.ActiveCfg = Release|Any CPU
		{387C6515-65B8-4020-80D7-E48C328656E4}.Release|Any CPU.Build.0 = Release|Any CPU
	EndGlobalSection
	GlobalSection(SolutionProperties) = preSolution
		HideSolutionNode = FALSE
	EndGlobalSection
	GlobalSection(ExtensibilityGlobals) = postSolution
		SolutionGuid = {483D1082-9C90-4C98-9186-D2995BFA8271}
	EndGlobalSection
EndGlobal
